// !$*UTF8*$!
{
	archiveVersion = 1;
	classes = {
	};
	objectVersion = 46;
	objects = {

/* Begin PBXBuildFile section */
		C706444A1DC0364C0045D613 /* Null.storyboard in Resources */ = {isa = PBXBuildFile; fileRef = C70644491DC0364C0045D613 /* Null.storyboard */; };
		C706444C1DC036820045D613 /* MainVCSettings.json in Resources */ = {isa = PBXBuildFile; fileRef = C706444B1DC036820045D613 /* MainVCSettings.json */; };
		C706444F1DC037E80045D613 /* VisitorView.swift in Sources */ = {isa = PBXBuildFile; fileRef = C706444E1DC037E80045D613 /* VisitorView.swift */; };
		C70644511DC037F80045D613 /* VisitorView.xib in Resources */ = {isa = PBXBuildFile; fileRef = C70644501DC037F80045D613 /* VisitorView.xib */; };
		C70644551DC0384C0045D613 /* BaseViewController.swift in Sources */ = {isa = PBXBuildFile; fileRef = C70644541DC0384C0045D613 /* BaseViewController.swift */; };
		C706445B1DC05D040045D613 /* MessageViewController.storyboard in Resources */ = {isa = PBXBuildFile; fileRef = C706445A1DC05D040045D613 /* MessageViewController.storyboard */; };
		C706445D1DC05D0B0045D613 /* DiscoverViewController.storyboard in Resources */ = {isa = PBXBuildFile; fileRef = C706445C1DC05D0B0045D613 /* DiscoverViewController.storyboard */; };
		C706445F1DC05D120045D613 /* ProfileViewController.storyboard in Resources */ = {isa = PBXBuildFile; fileRef = C706445E1DC05D120045D613 /* ProfileViewController.storyboard */; };
		C70644651DC09AE90045D613 /* HomeViewController.storyboard in Resources */ = {isa = PBXBuildFile; fileRef = C70644641DC09AE90045D613 /* HomeViewController.storyboard */; };
		C70D850E1DBF399E009D01D0 /* AppDelegate.swift in Sources */ = {isa = PBXBuildFile; fileRef = C70D850D1DBF399E009D01D0 /* AppDelegate.swift */; };
		C70D85101DBF399E009D01D0 /* ViewController.swift in Sources */ = {isa = PBXBuildFile; fileRef = C70D850F1DBF399E009D01D0 /* ViewController.swift */; };
		C70D85131DBF399E009D01D0 /* Main.storyboard in Resources */ = {isa = PBXBuildFile; fileRef = C70D85111DBF399E009D01D0 /* Main.storyboard */; };
		C70D85151DBF399E009D01D0 /* Assets.xcassets in Resources */ = {isa = PBXBuildFile; fileRef = C70D85141DBF399E009D01D0 /* Assets.xcassets */; };
		C70D85181DBF399E009D01D0 /* LaunchScreen.storyboard in Resources */ = {isa = PBXBuildFile; fileRef = C70D85161DBF399E009D01D0 /* LaunchScreen.storyboard */; };
		C70D85231DBF399E009D01D0 /* SwiftWeiBoTests.swift in Sources */ = {isa = PBXBuildFile; fileRef = C70D85221DBF399E009D01D0 /* SwiftWeiBoTests.swift */; };
		C70D852E1DBF399E009D01D0 /* SwiftWeiBoUITests.swift in Sources */ = {isa = PBXBuildFile; fileRef = C70D852D1DBF399E009D01D0 /* SwiftWeiBoUITests.swift */; };
		C70D854C1DBF3E8F009D01D0 /* DiscoverViewController.swift in Sources */ = {isa = PBXBuildFile; fileRef = C70D854B1DBF3E8F009D01D0 /* DiscoverViewController.swift */; };
		C70D854E1DBF3E9F009D01D0 /* HomeViewController.swift in Sources */ = {isa = PBXBuildFile; fileRef = C70D854D1DBF3E9F009D01D0 /* HomeViewController.swift */; };
		C70D85501DBF3EA9009D01D0 /* MainViewController.swift in Sources */ = {isa = PBXBuildFile; fileRef = C70D854F1DBF3EA9009D01D0 /* MainViewController.swift */; };
		C70D85521DBF3EB3009D01D0 /* MessageViewController.swift in Sources */ = {isa = PBXBuildFile; fileRef = C70D85511DBF3EB3009D01D0 /* MessageViewController.swift */; };
		C70D85541DBF3EBD009D01D0 /* ProfileViewController.swift in Sources */ = {isa = PBXBuildFile; fileRef = C70D85531DBF3EBD009D01D0 /* ProfileViewController.swift */; };
		C73435521DC19A7E00A6D138 /* UIButton-Extension.swift in Sources */ = {isa = PBXBuildFile; fileRef = C73435511DC19A7E00A6D138 /* UIButton-Extension.swift */; };
		C7425EA41DD3FE9F006EA6CE /* OAuthViewController.swift in Sources */ = {isa = PBXBuildFile; fileRef = C7425EA21DD3FE9F006EA6CE /* OAuthViewController.swift */; };
		C7425EA51DD3FE9F006EA6CE /* OAuthViewController.xib in Resources */ = {isa = PBXBuildFile; fileRef = C7425EA31DD3FE9F006EA6CE /* OAuthViewController.xib */; };
		C7425EA71DD4099B006EA6CE /* Common.swift in Sources */ = {isa = PBXBuildFile; fileRef = C7425EA61DD4099B006EA6CE /* Common.swift */; };
		C7425EAB1DD418D4006EA6CE /* NetWorkTools.swift in Sources */ = {isa = PBXBuildFile; fileRef = C7425EAA1DD418D4006EA6CE /* NetWorkTools.swift */; };
		C76A364A1DC1F311001310E7 /* UIBarButtonItem-Extension.swift in Sources */ = {isa = PBXBuildFile; fileRef = C76A36491DC1F311001310E7 /* UIBarButtonItem-Extension.swift */; };
		C76A364C1DC1F538001310E7 /* TitleButton.swift in Sources */ = {isa = PBXBuildFile; fileRef = C76A364B1DC1F538001310E7 /* TitleButton.swift */; };
		C76A36501DC1F9B3001310E7 /* PopViewController.swift in Sources */ = {isa = PBXBuildFile; fileRef = C76A364E1DC1F9B3001310E7 /* PopViewController.swift */; };
		C76A36511DC1F9B3001310E7 /* PopViewController.xib in Resources */ = {isa = PBXBuildFile; fileRef = C76A364F1DC1F9B3001310E7 /* PopViewController.xib */; };
		C76A36531DC1FCF2001310E7 /* PresentationViewController.swift in Sources */ = {isa = PBXBuildFile; fileRef = C76A36521DC1FCF2001310E7 /* PresentationViewController.swift */; };
		C79EFF891DC3423D007ED7EC /* PopoverAnimator.swift in Sources */ = {isa = PBXBuildFile; fileRef = C79EFF881DC3423D007ED7EC /* PopoverAnimator.swift */; };
		C7DC87CB1DD6BE95006BA5F7 /* Status.swift in Sources */ = {isa = PBXBuildFile; fileRef = C7DC87CA1DD6BE95006BA5F7 /* Status.swift */; };
		C7DC87D01DD6E7FF006BA5F7 /* NSDate-Extension.swift in Sources */ = {isa = PBXBuildFile; fileRef = C7DC87CF1DD6E7FF006BA5F7 /* NSDate-Extension.swift */; };
		C7DC87D21DD6F29B006BA5F7 /* User.swift in Sources */ = {isa = PBXBuildFile; fileRef = C7DC87D11DD6F29B006BA5F7 /* User.swift */; };
		C7EA25631DD99609004C9168 /* StatusViewModel.swift in Sources */ = {isa = PBXBuildFile; fileRef = C7EA25621DD99609004C9168 /* StatusViewModel.swift */; };
		C7F07F5B1DD4387600CA83A8 /* UserAccount.swift in Sources */ = {isa = PBXBuildFile; fileRef = C7F07F5A1DD4387600CA83A8 /* UserAccount.swift */; };
		C7F07F5D1DD45A7E00CA83A8 /* UserAccountModel.swift in Sources */ = {isa = PBXBuildFile; fileRef = C7F07F5C1DD45A7E00CA83A8 /* UserAccountModel.swift */; };
		C7F07F611DD4611900CA83A8 /* WelcomeViewController.swift in Sources */ = {isa = PBXBuildFile; fileRef = C7F07F5F1DD4611900CA83A8 /* WelcomeViewController.swift */; };
		C7F07F621DD4611900CA83A8 /* WelcomeViewController.xib in Resources */ = {isa = PBXBuildFile; fileRef = C7F07F601DD4611900CA83A8 /* WelcomeViewController.xib */; };
		ED9A1F49C34DFD42EAD9A231 /* Pods_SwiftWeiBo.framework in Frameworks */ = {isa = PBXBuildFile; fileRef = 56EB2F69623F05DC43A7B434 /* Pods_SwiftWeiBo.framework */; };
/* End PBXBuildFile section */

/* Begin PBXContainerItemProxy section */
		C70D851F1DBF399E009D01D0 /* PBXContainerItemProxy */ = {
			isa = PBXContainerItemProxy;
			containerPortal = C70D85021DBF399D009D01D0 /* Project object */;
			proxyType = 1;
			remoteGlobalIDString = C70D85091DBF399E009D01D0;
			remoteInfo = SwiftWeiBo;
		};
		C70D852A1DBF399E009D01D0 /* PBXContainerItemProxy */ = {
			isa = PBXContainerItemProxy;
			containerPortal = C70D85021DBF399D009D01D0 /* Project object */;
			proxyType = 1;
			remoteGlobalIDString = C70D85091DBF399E009D01D0;
			remoteInfo = SwiftWeiBo;
		};
/* End PBXContainerItemProxy section */

/* Begin PBXFileReference section */
		56EB2F69623F05DC43A7B434 /* Pods_SwiftWeiBo.framework */ = {isa = PBXFileReference; explicitFileType = wrapper.framework; includeInIndex = 0; path = Pods_SwiftWeiBo.framework; sourceTree = BUILT_PRODUCTS_DIR; };
		736692846095045523C91EE9 /* Pods-SwiftWeiBo.release.xcconfig */ = {isa = PBXFileReference; includeInIndex = 1; lastKnownFileType = text.xcconfig; name = "Pods-SwiftWeiBo.release.xcconfig"; path = "Pods/Target Support Files/Pods-SwiftWeiBo/Pods-SwiftWeiBo.release.xcconfig"; sourceTree = "<group>"; };
		B087573E13D76A68DC3F7896 /* Pods-SwiftWeiBo.debug.xcconfig */ = {isa = PBXFileReference; includeInIndex = 1; lastKnownFileType = text.xcconfig; name = "Pods-SwiftWeiBo.debug.xcconfig"; path = "Pods/Target Support Files/Pods-SwiftWeiBo/Pods-SwiftWeiBo.debug.xcconfig"; sourceTree = "<group>"; };
		C70644491DC0364C0045D613 /* Null.storyboard */ = {isa = PBXFileReference; fileEncoding = 4; lastKnownFileType = file.storyboard; path = Null.storyboard; sourceTree = "<group>"; };
		C706444B1DC036820045D613 /* MainVCSettings.json */ = {isa = PBXFileReference; fileEncoding = 4; lastKnownFileType = text.json; path = MainVCSettings.json; sourceTree = "<group>"; };
		C706444E1DC037E80045D613 /* VisitorView.swift */ = {isa = PBXFileReference; fileEncoding = 4; lastKnownFileType = sourcecode.swift; path = VisitorView.swift; sourceTree = "<group>"; };
		C70644501DC037F80045D613 /* VisitorView.xib */ = {isa = PBXFileReference; fileEncoding = 4; lastKnownFileType = file.xib; path = VisitorView.xib; sourceTree = "<group>"; };
		C70644541DC0384C0045D613 /* BaseViewController.swift */ = {isa = PBXFileReference; fileEncoding = 4; lastKnownFileType = sourcecode.swift; path = BaseViewController.swift; sourceTree = "<group>"; };
		C706445A1DC05D040045D613 /* MessageViewController.storyboard */ = {isa = PBXFileReference; fileEncoding = 4; lastKnownFileType = file.storyboard; path = MessageViewController.storyboard; sourceTree = "<group>"; };
		C706445C1DC05D0B0045D613 /* DiscoverViewController.storyboard */ = {isa = PBXFileReference; fileEncoding = 4; lastKnownFileType = file.storyboard; path = DiscoverViewController.storyboard; sourceTree = "<group>"; };
		C706445E1DC05D120045D613 /* ProfileViewController.storyboard */ = {isa = PBXFileReference; fileEncoding = 4; lastKnownFileType = file.storyboard; path = ProfileViewController.storyboard; sourceTree = "<group>"; };
		C70644641DC09AE90045D613 /* HomeViewController.storyboard */ = {isa = PBXFileReference; fileEncoding = 4; lastKnownFileType = file.storyboard; path = HomeViewController.storyboard; sourceTree = "<group>"; };
		C70D850A1DBF399E009D01D0 /* SwiftWeiBo.app */ = {isa = PBXFileReference; explicitFileType = wrapper.application; includeInIndex = 0; path = SwiftWeiBo.app; sourceTree = BUILT_PRODUCTS_DIR; };
		C70D850D1DBF399E009D01D0 /* AppDelegate.swift */ = {isa = PBXFileReference; lastKnownFileType = sourcecode.swift; path = AppDelegate.swift; sourceTree = "<group>"; };
		C70D850F1DBF399E009D01D0 /* ViewController.swift */ = {isa = PBXFileReference; lastKnownFileType = sourcecode.swift; path = ViewController.swift; sourceTree = "<group>"; };
		C70D85121DBF399E009D01D0 /* Base */ = {isa = PBXFileReference; lastKnownFileType = file.storyboard; name = Base; path = Base.lproj/Main.storyboard; sourceTree = "<group>"; };
		C70D85141DBF399E009D01D0 /* Assets.xcassets */ = {isa = PBXFileReference; lastKnownFileType = folder.assetcatalog; path = Assets.xcassets; sourceTree = "<group>"; };
		C70D85171DBF399E009D01D0 /* Base */ = {isa = PBXFileReference; lastKnownFileType = file.storyboard; name = Base; path = Base.lproj/LaunchScreen.storyboard; sourceTree = "<group>"; };
		C70D85191DBF399E009D01D0 /* Info.plist */ = {isa = PBXFileReference; lastKnownFileType = text.plist.xml; path = Info.plist; sourceTree = "<group>"; };
		C70D851E1DBF399E009D01D0 /* SwiftWeiBoTests.xctest */ = {isa = PBXFileReference; explicitFileType = wrapper.cfbundle; includeInIndex = 0; path = SwiftWeiBoTests.xctest; sourceTree = BUILT_PRODUCTS_DIR; };
		C70D85221DBF399E009D01D0 /* SwiftWeiBoTests.swift */ = {isa = PBXFileReference; lastKnownFileType = sourcecode.swift; path = SwiftWeiBoTests.swift; sourceTree = "<group>"; };
		C70D85241DBF399E009D01D0 /* Info.plist */ = {isa = PBXFileReference; lastKnownFileType = text.plist.xml; path = Info.plist; sourceTree = "<group>"; };
		C70D85291DBF399E009D01D0 /* SwiftWeiBoUITests.xctest */ = {isa = PBXFileReference; explicitFileType = wrapper.cfbundle; includeInIndex = 0; path = SwiftWeiBoUITests.xctest; sourceTree = BUILT_PRODUCTS_DIR; };
		C70D852D1DBF399E009D01D0 /* SwiftWeiBoUITests.swift */ = {isa = PBXFileReference; lastKnownFileType = sourcecode.swift; path = SwiftWeiBoUITests.swift; sourceTree = "<group>"; };
		C70D852F1DBF399E009D01D0 /* Info.plist */ = {isa = PBXFileReference; lastKnownFileType = text.plist.xml; path = Info.plist; sourceTree = "<group>"; };
		C70D854B1DBF3E8F009D01D0 /* DiscoverViewController.swift */ = {isa = PBXFileReference; fileEncoding = 4; lastKnownFileType = sourcecode.swift; path = DiscoverViewController.swift; sourceTree = "<group>"; };
		C70D854D1DBF3E9F009D01D0 /* HomeViewController.swift */ = {isa = PBXFileReference; fileEncoding = 4; lastKnownFileType = sourcecode.swift; path = HomeViewController.swift; sourceTree = "<group>"; };
		C70D854F1DBF3EA9009D01D0 /* MainViewController.swift */ = {isa = PBXFileReference; fileEncoding = 4; lastKnownFileType = sourcecode.swift; path = MainViewController.swift; sourceTree = "<group>"; };
		C70D85511DBF3EB3009D01D0 /* MessageViewController.swift */ = {isa = PBXFileReference; fileEncoding = 4; lastKnownFileType = sourcecode.swift; path = MessageViewController.swift; sourceTree = "<group>"; };
		C70D85531DBF3EBD009D01D0 /* ProfileViewController.swift */ = {isa = PBXFileReference; fileEncoding = 4; lastKnownFileType = sourcecode.swift; path = ProfileViewController.swift; sourceTree = "<group>"; };
		C73435511DC19A7E00A6D138 /* UIButton-Extension.swift */ = {isa = PBXFileReference; fileEncoding = 4; lastKnownFileType = sourcecode.swift; path = "UIButton-Extension.swift"; sourceTree = "<group>"; };
		C7425EA21DD3FE9F006EA6CE /* OAuthViewController.swift */ = {isa = PBXFileReference; fileEncoding = 4; lastKnownFileType = sourcecode.swift; path = OAuthViewController.swift; sourceTree = "<group>"; };
		C7425EA31DD3FE9F006EA6CE /* OAuthViewController.xib */ = {isa = PBXFileReference; fileEncoding = 4; lastKnownFileType = file.xib; path = OAuthViewController.xib; sourceTree = "<group>"; };
		C7425EA61DD4099B006EA6CE /* Common.swift */ = {isa = PBXFileReference; fileEncoding = 4; lastKnownFileType = sourcecode.swift; path = Common.swift; sourceTree = "<group>"; };
		C7425EAA1DD418D4006EA6CE /* NetWorkTools.swift */ = {isa = PBXFileReference; fileEncoding = 4; lastKnownFileType = sourcecode.swift; path = NetWorkTools.swift; sourceTree = "<group>"; };
		C76A36491DC1F311001310E7 /* UIBarButtonItem-Extension.swift */ = {isa = PBXFileReference; fileEncoding = 4; lastKnownFileType = sourcecode.swift; path = "UIBarButtonItem-Extension.swift"; sourceTree = "<group>"; };
		C76A364B1DC1F538001310E7 /* TitleButton.swift */ = {isa = PBXFileReference; fileEncoding = 4; lastKnownFileType = sourcecode.swift; path = TitleButton.swift; sourceTree = "<group>"; };
		C76A364E1DC1F9B3001310E7 /* PopViewController.swift */ = {isa = PBXFileReference; fileEncoding = 4; lastKnownFileType = sourcecode.swift; path = PopViewController.swift; sourceTree = "<group>"; };
		C76A364F1DC1F9B3001310E7 /* PopViewController.xib */ = {isa = PBXFileReference; fileEncoding = 4; lastKnownFileType = file.xib; path = PopViewController.xib; sourceTree = "<group>"; };
		C76A36521DC1FCF2001310E7 /* PresentationViewController.swift */ = {isa = PBXFileReference; fileEncoding = 4; lastKnownFileType = sourcecode.swift; path = PresentationViewController.swift; sourceTree = "<group>"; };
		C79EFF881DC3423D007ED7EC /* PopoverAnimator.swift */ = {isa = PBXFileReference; fileEncoding = 4; lastKnownFileType = sourcecode.swift; path = PopoverAnimator.swift; sourceTree = "<group>"; };
		C7DC87CA1DD6BE95006BA5F7 /* Status.swift */ = {isa = PBXFileReference; fileEncoding = 4; lastKnownFileType = sourcecode.swift; path = Status.swift; sourceTree = "<group>"; };
		C7DC87CF1DD6E7FF006BA5F7 /* NSDate-Extension.swift */ = {isa = PBXFileReference; fileEncoding = 4; lastKnownFileType = sourcecode.swift; path = "NSDate-Extension.swift"; sourceTree = "<group>"; };
		C7DC87D11DD6F29B006BA5F7 /* User.swift */ = {isa = PBXFileReference; fileEncoding = 4; lastKnownFileType = sourcecode.swift; path = User.swift; sourceTree = "<group>"; };
		C7EA25621DD99609004C9168 /* StatusViewModel.swift */ = {isa = PBXFileReference; fileEncoding = 4; lastKnownFileType = sourcecode.swift; path = StatusViewModel.swift; sourceTree = "<group>"; };
		C7F07F5A1DD4387600CA83A8 /* UserAccount.swift */ = {isa = PBXFileReference; fileEncoding = 4; lastKnownFileType = sourcecode.swift; path = UserAccount.swift; sourceTree = "<group>"; };
		C7F07F5C1DD45A7E00CA83A8 /* UserAccountModel.swift */ = {isa = PBXFileReference; fileEncoding = 4; lastKnownFileType = sourcecode.swift; path = UserAccountModel.swift; sourceTree = "<group>"; };
		C7F07F5F1DD4611900CA83A8 /* WelcomeViewController.swift */ = {isa = PBXFileReference; fileEncoding = 4; lastKnownFileType = sourcecode.swift; path = WelcomeViewController.swift; sourceTree = "<group>"; };
		C7F07F601DD4611900CA83A8 /* WelcomeViewController.xib */ = {isa = PBXFileReference; fileEncoding = 4; lastKnownFileType = file.xib; path = WelcomeViewController.xib; sourceTree = "<group>"; };
/* End PBXFileReference section */

/* Begin PBXFrameworksBuildPhase section */
		C70D85071DBF399E009D01D0 /* Frameworks */ = {
			isa = PBXFrameworksBuildPhase;
			buildActionMask = 2147483647;
			files = (
				ED9A1F49C34DFD42EAD9A231 /* Pods_SwiftWeiBo.framework in Frameworks */,
			);
			runOnlyForDeploymentPostprocessing = 0;
		};
		C70D851B1DBF399E009D01D0 /* Frameworks */ = {
			isa = PBXFrameworksBuildPhase;
			buildActionMask = 2147483647;
			files = (
			);
			runOnlyForDeploymentPostprocessing = 0;
		};
		C70D85261DBF399E009D01D0 /* Frameworks */ = {
			isa = PBXFrameworksBuildPhase;
			buildActionMask = 2147483647;
			files = (
			);
			runOnlyForDeploymentPostprocessing = 0;
		};
/* End PBXFrameworksBuildPhase section */

/* Begin PBXGroup section */
		3A5B780BE8181133486D80D0 /* Frameworks */ = {
			isa = PBXGroup;
			children = (
				56EB2F69623F05DC43A7B434 /* Pods_SwiftWeiBo.framework */,
			);
			name = Frameworks;
			sourceTree = "<group>";
		};
		49B4743E59F2C493D5DB359F /* Pods */ = {
			isa = PBXGroup;
			children = (
				B087573E13D76A68DC3F7896 /* Pods-SwiftWeiBo.debug.xcconfig */,
				736692846095045523C91EE9 /* Pods-SwiftWeiBo.release.xcconfig */,
			);
			name = Pods;
			sourceTree = "<group>";
		};
		C70644481DC0362D0045D613 /* Resource */ = {
			isa = PBXGroup;
			children = (
				C70644491DC0364C0045D613 /* Null.storyboard */,
				C706444B1DC036820045D613 /* MainVCSettings.json */,
			);
			name = Resource;
			sourceTree = "<group>";
		};
		C706444D1DC037C40045D613 /* Visitor */ = {
			isa = PBXGroup;
			children = (
				C70644541DC0384C0045D613 /* BaseViewController.swift */,
				C706444E1DC037E80045D613 /* VisitorView.swift */,
				C70644501DC037F80045D613 /* VisitorView.xib */,
			);
			name = Visitor;
			sourceTree = "<group>";
		};
		C70D85011DBF399D009D01D0 = {
			isa = PBXGroup;
			children = (
				C70D850C1DBF399E009D01D0 /* SwiftWeiBo */,
				C70D85211DBF399E009D01D0 /* SwiftWeiBoTests */,
				C70D852C1DBF399E009D01D0 /* SwiftWeiBoUITests */,
				C70D850B1DBF399E009D01D0 /* Products */,
				49B4743E59F2C493D5DB359F /* Pods */,
				3A5B780BE8181133486D80D0 /* Frameworks */,
			);
			sourceTree = "<group>";
		};
		C70D850B1DBF399E009D01D0 /* Products */ = {
			isa = PBXGroup;
			children = (
				C70D850A1DBF399E009D01D0 /* SwiftWeiBo.app */,
				C70D851E1DBF399E009D01D0 /* SwiftWeiBoTests.xctest */,
				C70D85291DBF399E009D01D0 /* SwiftWeiBoUITests.xctest */,
			);
			name = Products;
			sourceTree = "<group>";
		};
		C70D850C1DBF399E009D01D0 /* SwiftWeiBo */ = {
			isa = PBXGroup;
			children = (
				C70D853B1DBF3A94009D01D0 /* Classes */,
				C70D850D1DBF399E009D01D0 /* AppDelegate.swift */,
				C70D850F1DBF399E009D01D0 /* ViewController.swift */,
				C70D85111DBF399E009D01D0 /* Main.storyboard */,
				C70D85141DBF399E009D01D0 /* Assets.xcassets */,
				C70D85161DBF399E009D01D0 /* LaunchScreen.storyboard */,
				C70D85191DBF399E009D01D0 /* Info.plist */,
			);
			path = SwiftWeiBo;
			sourceTree = "<group>";
		};
		C70D85211DBF399E009D01D0 /* SwiftWeiBoTests */ = {
			isa = PBXGroup;
			children = (
				C70D85221DBF399E009D01D0 /* SwiftWeiBoTests.swift */,
				C70D85241DBF399E009D01D0 /* Info.plist */,
			);
			path = SwiftWeiBoTests;
			sourceTree = "<group>";
		};
		C70D852C1DBF399E009D01D0 /* SwiftWeiBoUITests */ = {
			isa = PBXGroup;
			children = (
				C70D852D1DBF399E009D01D0 /* SwiftWeiBoUITests.swift */,
				C70D852F1DBF399E009D01D0 /* Info.plist */,
			);
			path = SwiftWeiBoUITests;
			sourceTree = "<group>";
		};
		C70D853B1DBF3A94009D01D0 /* Classes */ = {
			isa = PBXGroup;
			children = (
				C70D853E1DBF3A94009D01D0 /* Main(主要) */,
				C70D853D1DBF3A94009D01D0 /* Home(首页) */,
				C70D853F1DBF3A94009D01D0 /* Message(消息) */,
				C70D853C1DBF3A94009D01D0 /* Discover(发现) */,
				C70D85401DBF3A94009D01D0 /* Profile(我) */,
				C734354F1DC199E400A6D138 /* Tools */,
			);
			path = Classes;
			sourceTree = "<group>";
		};
		C70D853C1DBF3A94009D01D0 /* Discover(发现) */ = {
			isa = PBXGroup;
			children = (
				C70D854B1DBF3E8F009D01D0 /* DiscoverViewController.swift */,
				C706445C1DC05D0B0045D613 /* DiscoverViewController.storyboard */,
			);
			name = "Discover(发现)";
			path = Discover;
			sourceTree = "<group>";
		};
		C70D853D1DBF3A94009D01D0 /* Home(首页) */ = {
			isa = PBXGroup;
			children = (
				C7DC87C91DD6BE6D006BA5F7 /* HomeModel */,
				C76A364D1DC1F9A0001310E7 /* UIPopover */,
				C70D854D1DBF3E9F009D01D0 /* HomeViewController.swift */,
				C70644641DC09AE90045D613 /* HomeViewController.storyboard */,
			);
			name = "Home(首页)";
			path = Home;
			sourceTree = "<group>";
		};
		C70D853E1DBF3A94009D01D0 /* Main(主要) */ = {
			isa = PBXGroup;
			children = (
				C7F07F5E1DD4610200CA83A8 /* Welcome */,
				C7425EA11DD3FE60006EA6CE /* OAuth */,
				C706444D1DC037C40045D613 /* Visitor */,
				C70644481DC0362D0045D613 /* Resource */,
				C70D854F1DBF3EA9009D01D0 /* MainViewController.swift */,
			);
			name = "Main(主要)";
			path = Main;
			sourceTree = "<group>";
		};
		C70D853F1DBF3A94009D01D0 /* Message(消息) */ = {
			isa = PBXGroup;
			children = (
				C70D85511DBF3EB3009D01D0 /* MessageViewController.swift */,
				C706445A1DC05D040045D613 /* MessageViewController.storyboard */,
			);
			name = "Message(消息)";
			path = Message;
			sourceTree = "<group>";
		};
		C70D85401DBF3A94009D01D0 /* Profile(我) */ = {
			isa = PBXGroup;
			children = (
				C70D85531DBF3EBD009D01D0 /* ProfileViewController.swift */,
				C706445E1DC05D120045D613 /* ProfileViewController.storyboard */,
			);
			name = "Profile(我)";
			path = Profile;
			sourceTree = "<group>";
		};
		C734354F1DC199E400A6D138 /* Tools */ = {
			isa = PBXGroup;
			children = (
				C73435501DC199E400A6D138 /* Category */,
				C76A364B1DC1F538001310E7 /* TitleButton.swift */,
				C7425EA61DD4099B006EA6CE /* Common.swift */,
				C7425EAA1DD418D4006EA6CE /* NetWorkTools.swift */,
			);
			path = Tools;
			sourceTree = "<group>";
		};
		C73435501DC199E400A6D138 /* Category */ = {
			isa = PBXGroup;
			children = (
				C73435511DC19A7E00A6D138 /* UIButton-Extension.swift */,
				C76A36491DC1F311001310E7 /* UIBarButtonItem-Extension.swift */,
				C7DC87CF1DD6E7FF006BA5F7 /* NSDate-Extension.swift */,
			);
			path = Category;
			sourceTree = "<group>";
		};
		C7425EA11DD3FE60006EA6CE /* OAuth */ = {
			isa = PBXGroup;
			children = (
				C7425EA21DD3FE9F006EA6CE /* OAuthViewController.swift */,
				C7425EA31DD3FE9F006EA6CE /* OAuthViewController.xib */,
				C7F07F5A1DD4387600CA83A8 /* UserAccount.swift */,
				C7F07F5C1DD45A7E00CA83A8 /* UserAccountModel.swift */,
			);
			name = OAuth;
			sourceTree = "<group>";
		};
		C76A364D1DC1F9A0001310E7 /* UIPopover */ = {
			isa = PBXGroup;
			children = (
				C76A364E1DC1F9B3001310E7 /* PopViewController.swift */,
				C76A364F1DC1F9B3001310E7 /* PopViewController.xib */,
				C76A36521DC1FCF2001310E7 /* PresentationViewController.swift */,
				C79EFF881DC3423D007ED7EC /* PopoverAnimator.swift */,
			);
			path = UIPopover;
			sourceTree = "<group>";
		};
		C7DC87C91DD6BE6D006BA5F7 /* HomeModel */ = {
			isa = PBXGroup;
			children = (
				C7DC87CA1DD6BE95006BA5F7 /* Status.swift */,
				C7DC87D11DD6F29B006BA5F7 /* User.swift */,
				C7EA25621DD99609004C9168 /* StatusViewModel.swift */,
			);
			name = HomeModel;
			sourceTree = "<group>";
		};
		C7F07F5E1DD4610200CA83A8 /* Welcome */ = {
			isa = PBXGroup;
			children = (
				C7F07F5F1DD4611900CA83A8 /* WelcomeViewController.swift */,
				C7F07F601DD4611900CA83A8 /* WelcomeViewController.xib */,
			);
			name = Welcome;
			sourceTree = "<group>";
		};
/* End PBXGroup section */

/* Begin PBXNativeTarget section */
		C70D85091DBF399E009D01D0 /* SwiftWeiBo */ = {
			isa = PBXNativeTarget;
			buildConfigurationList = C70D85321DBF399E009D01D0 /* Build configuration list for PBXNativeTarget "SwiftWeiBo" */;
			buildPhases = (
				0FC70E6D5DBF198C0E217599 /* [CP] Check Pods Manifest.lock */,
				C70D85061DBF399E009D01D0 /* Sources */,
				C70D85071DBF399E009D01D0 /* Frameworks */,
				C70D85081DBF399E009D01D0 /* Resources */,
				DCDE1CEE5C745DAB78F4E045 /* [CP] Embed Pods Frameworks */,
				7294D7A21500601099F19848 /* [CP] Copy Pods Resources */,
			);
			buildRules = (
			);
			dependencies = (
			);
			name = SwiftWeiBo;
			productName = SwiftWeiBo;
			productReference = C70D850A1DBF399E009D01D0 /* SwiftWeiBo.app */;
			productType = "com.apple.product-type.application";
		};
		C70D851D1DBF399E009D01D0 /* SwiftWeiBoTests */ = {
			isa = PBXNativeTarget;
			buildConfigurationList = C70D85351DBF399E009D01D0 /* Build configuration list for PBXNativeTarget "SwiftWeiBoTests" */;
			buildPhases = (
				C70D851A1DBF399E009D01D0 /* Sources */,
				C70D851B1DBF399E009D01D0 /* Frameworks */,
				C70D851C1DBF399E009D01D0 /* Resources */,
			);
			buildRules = (
			);
			dependencies = (
				C70D85201DBF399E009D01D0 /* PBXTargetDependency */,
			);
			name = SwiftWeiBoTests;
			productName = SwiftWeiBoTests;
			productReference = C70D851E1DBF399E009D01D0 /* SwiftWeiBoTests.xctest */;
			productType = "com.apple.product-type.bundle.unit-test";
		};
		C70D85281DBF399E009D01D0 /* SwiftWeiBoUITests */ = {
			isa = PBXNativeTarget;
			buildConfigurationList = C70D85381DBF399E009D01D0 /* Build configuration list for PBXNativeTarget "SwiftWeiBoUITests" */;
			buildPhases = (
				C70D85251DBF399E009D01D0 /* Sources */,
				C70D85261DBF399E009D01D0 /* Frameworks */,
				C70D85271DBF399E009D01D0 /* Resources */,
			);
			buildRules = (
			);
			dependencies = (
				C70D852B1DBF399E009D01D0 /* PBXTargetDependency */,
			);
			name = SwiftWeiBoUITests;
			productName = SwiftWeiBoUITests;
			productReference = C70D85291DBF399E009D01D0 /* SwiftWeiBoUITests.xctest */;
			productType = "com.apple.product-type.bundle.ui-testing";
		};
/* End PBXNativeTarget section */

/* Begin PBXProject section */
		C70D85021DBF399D009D01D0 /* Project object */ = {
			isa = PBXProject;
			attributes = {
				LastSwiftUpdateCheck = 0800;
				LastUpgradeCheck = 0800;
				ORGANIZATIONNAME = kjlink;
				TargetAttributes = {
					C70D85091DBF399E009D01D0 = {
						CreatedOnToolsVersion = 8.0;
						LastSwiftMigration = 0800;
						ProvisioningStyle = Automatic;
					};
					C70D851D1DBF399E009D01D0 = {
						CreatedOnToolsVersion = 8.0;
						LastSwiftMigration = 0800;
						ProvisioningStyle = Automatic;
						TestTargetID = C70D85091DBF399E009D01D0;
					};
					C70D85281DBF399E009D01D0 = {
						CreatedOnToolsVersion = 8.0;
						LastSwiftMigration = 0800;
						ProvisioningStyle = Automatic;
						TestTargetID = C70D85091DBF399E009D01D0;
					};
				};
			};
			buildConfigurationList = C70D85051DBF399D009D01D0 /* Build configuration list for PBXProject "SwiftWeiBo" */;
			compatibilityVersion = "Xcode 3.2";
			developmentRegion = English;
			hasScannedForEncodings = 0;
			knownRegions = (
				en,
				Base,
			);
			mainGroup = C70D85011DBF399D009D01D0;
			productRefGroup = C70D850B1DBF399E009D01D0 /* Products */;
			projectDirPath = "";
			projectRoot = "";
			targets = (
				C70D85091DBF399E009D01D0 /* SwiftWeiBo */,
				C70D851D1DBF399E009D01D0 /* SwiftWeiBoTests */,
				C70D85281DBF399E009D01D0 /* SwiftWeiBoUITests */,
			);
		};
/* End PBXProject section */

/* Begin PBXResourcesBuildPhase section */
		C70D85081DBF399E009D01D0 /* Resources */ = {
			isa = PBXResourcesBuildPhase;
			buildActionMask = 2147483647;
			files = (
				C70644651DC09AE90045D613 /* HomeViewController.storyboard in Resources */,
				C70D85181DBF399E009D01D0 /* LaunchScreen.storyboard in Resources */,
				C706444C1DC036820045D613 /* MainVCSettings.json in Resources */,
				C7F07F621DD4611900CA83A8 /* WelcomeViewController.xib in Resources */,
				C76A36511DC1F9B3001310E7 /* PopViewController.xib in Resources */,
				C7425EA51DD3FE9F006EA6CE /* OAuthViewController.xib in Resources */,
				C706445D1DC05D0B0045D613 /* DiscoverViewController.storyboard in Resources */,
				C706444A1DC0364C0045D613 /* Null.storyboard in Resources */,
				C70D85151DBF399E009D01D0 /* Assets.xcassets in Resources */,
				C70D85131DBF399E009D01D0 /* Main.storyboard in Resources */,
				C706445B1DC05D040045D613 /* MessageViewController.storyboard in Resources */,
				C706445F1DC05D120045D613 /* ProfileViewController.storyboard in Resources */,
				C70644511DC037F80045D613 /* VisitorView.xib in Resources */,
			);
			runOnlyForDeploymentPostprocessing = 0;
		};
		C70D851C1DBF399E009D01D0 /* Resources */ = {
			isa = PBXResourcesBuildPhase;
			buildActionMask = 2147483647;
			files = (
			);
			runOnlyForDeploymentPostprocessing = 0;
		};
		C70D85271DBF399E009D01D0 /* Resources */ = {
			isa = PBXResourcesBuildPhase;
			buildActionMask = 2147483647;
			files = (
			);
			runOnlyForDeploymentPostprocessing = 0;
		};
/* End PBXResourcesBuildPhase section */

/* Begin PBXShellScriptBuildPhase section */
		0FC70E6D5DBF198C0E217599 /* [CP] Check Pods Manifest.lock */ = {
			isa = PBXShellScriptBuildPhase;
			buildActionMask = 2147483647;
			files = (
			);
			inputPaths = (
			);
			name = "[CP] Check Pods Manifest.lock";
			outputPaths = (
			);
			runOnlyForDeploymentPostprocessing = 0;
			shellPath = /bin/sh;
			shellScript = "diff \"${PODS_ROOT}/../Podfile.lock\" \"${PODS_ROOT}/Manifest.lock\" > /dev/null\nif [ $? != 0 ] ; then\n    # print error to STDERR\n    echo \"error: The sandbox is not in sync with the Podfile.lock. Run 'pod install' or update your CocoaPods installation.\" >&2\n    exit 1\nfi\n";
			showEnvVarsInLog = 0;
		};
		7294D7A21500601099F19848 /* [CP] Copy Pods Resources */ = {
			isa = PBXShellScriptBuildPhase;
			buildActionMask = 2147483647;
			files = (
			);
			inputPaths = (
			);
			name = "[CP] Copy Pods Resources";
			outputPaths = (
			);
			runOnlyForDeploymentPostprocessing = 0;
			shellPath = /bin/sh;
			shellScript = "\"${SRCROOT}/Pods/Target Support Files/Pods-SwiftWeiBo/Pods-SwiftWeiBo-resources.sh\"\n";
			showEnvVarsInLog = 0;
		};
		DCDE1CEE5C745DAB78F4E045 /* [CP] Embed Pods Frameworks */ = {
			isa = PBXShellScriptBuildPhase;
			buildActionMask = 2147483647;
			files = (
			);
			inputPaths = (
			);
			name = "[CP] Embed Pods Frameworks";
			outputPaths = (
			);
			runOnlyForDeploymentPostprocessing = 0;
			shellPath = /bin/sh;
			shellScript = "\"${SRCROOT}/Pods/Target Support Files/Pods-SwiftWeiBo/Pods-SwiftWeiBo-frameworks.sh\"\n";
			showEnvVarsInLog = 0;
		};
/* End PBXShellScriptBuildPhase section */

/* Begin PBXSourcesBuildPhase section */
		C70D85061DBF399E009D01D0 /* Sources */ = {
			isa = PBXSourcesBuildPhase;
			buildActionMask = 2147483647;
			files = (
				C7425EA71DD4099B006EA6CE /* Common.swift in Sources */,
				C7DC87D01DD6E7FF006BA5F7 /* NSDate-Extension.swift in Sources */,
				C70D854C1DBF3E8F009D01D0 /* DiscoverViewController.swift in Sources */,
				C70D85101DBF399E009D01D0 /* ViewController.swift in Sources */,
				C76A364A1DC1F311001310E7 /* UIBarButtonItem-Extension.swift in Sources */,
				C70D850E1DBF399E009D01D0 /* AppDelegate.swift in Sources */,
				C7F07F5B1DD4387600CA83A8 /* UserAccount.swift in Sources */,
				C7F07F611DD4611900CA83A8 /* WelcomeViewController.swift in Sources */,
				C7425EA41DD3FE9F006EA6CE /* OAuthViewController.swift in Sources */,
				C73435521DC19A7E00A6D138 /* UIButton-Extension.swift in Sources */,
				C70D854E1DBF3E9F009D01D0 /* HomeViewController.swift in Sources */,
				C70D85541DBF3EBD009D01D0 /* ProfileViewController.swift in Sources */,
				C70644551DC0384C0045D613 /* BaseViewController.swift in Sources */,
				C76A36501DC1F9B3001310E7 /* PopViewController.swift in Sources */,
				C70D85521DBF3EB3009D01D0 /* MessageViewController.swift in Sources */,
				C79EFF891DC3423D007ED7EC /* PopoverAnimator.swift in Sources */,
				C7DC87CB1DD6BE95006BA5F7 /* Status.swift in Sources */,
				C70D85501DBF3EA9009D01D0 /* MainViewController.swift in Sources */,
				C7425EAB1DD418D4006EA6CE /* NetWorkTools.swift in Sources */,
				C76A364C1DC1F538001310E7 /* TitleButton.swift in Sources */,
				C7DC87D21DD6F29B006BA5F7 /* User.swift in Sources */,
				C7EA25631DD99609004C9168 /* StatusViewModel.swift in Sources */,
				C76A36531DC1FCF2001310E7 /* PresentationViewController.swift in Sources */,
				C7F07F5D1DD45A7E00CA83A8 /* UserAccountModel.swift in Sources */,
				C706444F1DC037E80045D613 /* VisitorView.swift in Sources */,
			);
			runOnlyForDeploymentPostprocessing = 0;
		};
		C70D851A1DBF399E009D01D0 /* Sources */ = {
			isa = PBXSourcesBuildPhase;
			buildActionMask = 2147483647;
			files = (
				C70D85231DBF399E009D01D0 /* SwiftWeiBoTests.swift in Sources */,
			);
			runOnlyForDeploymentPostprocessing = 0;
		};
		C70D85251DBF399E009D01D0 /* Sources */ = {
			isa = PBXSourcesBuildPhase;
			buildActionMask = 2147483647;
			files = (
				C70D852E1DBF399E009D01D0 /* SwiftWeiBoUITests.swift in Sources */,
			);
			runOnlyForDeploymentPostprocessing = 0;
		};
/* End PBXSourcesBuildPhase section */

/* Begin PBXTargetDependency section */
		C70D85201DBF399E009D01D0 /* PBXTargetDependency */ = {
			isa = PBXTargetDependency;
			target = C70D85091DBF399E009D01D0 /* SwiftWeiBo */;
			targetProxy = C70D851F1DBF399E009D01D0 /* PBXContainerItemProxy */;
		};
		C70D852B1DBF399E009D01D0 /* PBXTargetDependency */ = {
			isa = PBXTargetDependency;
			target = C70D85091DBF399E009D01D0 /* SwiftWeiBo */;
			targetProxy = C70D852A1DBF399E009D01D0 /* PBXContainerItemProxy */;
		};
/* End PBXTargetDependency section */

/* Begin PBXVariantGroup section */
		C70D85111DBF399E009D01D0 /* Main.storyboard */ = {
			isa = PBXVariantGroup;
			children = (
				C70D85121DBF399E009D01D0 /* Base */,
			);
			name = Main.storyboard;
			sourceTree = "<group>";
		};
		C70D85161DBF399E009D01D0 /* LaunchScreen.storyboard */ = {
			isa = PBXVariantGroup;
			children = (
				C70D85171DBF399E009D01D0 /* Base */,
			);
			name = LaunchScreen.storyboard;
			sourceTree = "<group>";
		};
/* End PBXVariantGroup section */

/* Begin XCBuildConfiguration section */
		C70D85301DBF399E009D01D0 /* Debug */ = {
			isa = XCBuildConfiguration;
			buildSettings = {
				ALWAYS_SEARCH_USER_PATHS = NO;
				CLANG_ANALYZER_NONNULL = YES;
				CLANG_CXX_LANGUAGE_STANDARD = "gnu++0x";
				CLANG_CXX_LIBRARY = "libc++";
				CLANG_ENABLE_MODULES = YES;
				CLANG_ENABLE_OBJC_ARC = YES;
				CLANG_WARN_BOOL_CONVERSION = YES;
				CLANG_WARN_CONSTANT_CONVERSION = YES;
				CLANG_WARN_DIRECT_OBJC_ISA_USAGE = YES_ERROR;
				CLANG_WARN_DOCUMENTATION_COMMENTS = YES;
				CLANG_WARN_EMPTY_BODY = YES;
				CLANG_WARN_ENUM_CONVERSION = YES;
				CLANG_WARN_INFINITE_RECURSION = YES;
				CLANG_WARN_INT_CONVERSION = YES;
				CLANG_WARN_OBJC_ROOT_CLASS = YES_ERROR;
				CLANG_WARN_SUSPICIOUS_MOVES = YES;
				CLANG_WARN_UNREACHABLE_CODE = YES;
				CLANG_WARN__DUPLICATE_METHOD_MATCH = YES;
				"CODE_SIGN_IDENTITY[sdk=iphoneos*]" = "iPhone Developer";
				COPY_PHASE_STRIP = NO;
				DEBUG_INFORMATION_FORMAT = dwarf;
				ENABLE_STRICT_OBJC_MSGSEND = YES;
				ENABLE_TESTABILITY = YES;
				GCC_C_LANGUAGE_STANDARD = gnu99;
				GCC_DYNAMIC_NO_PIC = NO;
				GCC_NO_COMMON_BLOCKS = YES;
				GCC_OPTIMIZATION_LEVEL = 0;
				GCC_PREPROCESSOR_DEFINITIONS = (
					"DEBUG=1",
					"$(inherited)",
				);
				GCC_WARN_64_TO_32_BIT_CONVERSION = YES;
				GCC_WARN_ABOUT_RETURN_TYPE = YES_ERROR;
				GCC_WARN_UNDECLARED_SELECTOR = YES;
				GCC_WARN_UNINITIALIZED_AUTOS = YES_AGGRESSIVE;
				GCC_WARN_UNUSED_FUNCTION = YES;
				GCC_WARN_UNUSED_VARIABLE = YES;
				IPHONEOS_DEPLOYMENT_TARGET = 10.1;
				MTL_ENABLE_DEBUG_INFO = YES;
				ONLY_ACTIVE_ARCH = YES;
				SDKROOT = iphoneos;
				SWIFT_ACTIVE_COMPILATION_CONDITIONS = DEBUG;
				SWIFT_OPTIMIZATION_LEVEL = "-Onone";
			};
			name = Debug;
		};
		C70D85311DBF399E009D01D0 /* Release */ = {
			isa = XCBuildConfiguration;
			buildSettings = {
				ALWAYS_SEARCH_USER_PATHS = NO;
				CLANG_ANALYZER_NONNULL = YES;
				CLANG_CXX_LANGUAGE_STANDARD = "gnu++0x";
				CLANG_CXX_LIBRARY = "libc++";
				CLANG_ENABLE_MODULES = YES;
				CLANG_ENABLE_OBJC_ARC = YES;
				CLANG_WARN_BOOL_CONVERSION = YES;
				CLANG_WARN_CONSTANT_CONVERSION = YES;
				CLANG_WARN_DIRECT_OBJC_ISA_USAGE = YES_ERROR;
				CLANG_WARN_DOCUMENTATION_COMMENTS = YES;
				CLANG_WARN_EMPTY_BODY = YES;
				CLANG_WARN_ENUM_CONVERSION = YES;
				CLANG_WARN_INFINITE_RECURSION = YES;
				CLANG_WARN_INT_CONVERSION = YES;
				CLANG_WARN_OBJC_ROOT_CLASS = YES_ERROR;
				CLANG_WARN_SUSPICIOUS_MOVES = YES;
				CLANG_WARN_UNREACHABLE_CODE = YES;
				CLANG_WARN__DUPLICATE_METHOD_MATCH = YES;
				"CODE_SIGN_IDENTITY[sdk=iphoneos*]" = "iPhone Developer";
				COPY_PHASE_STRIP = NO;
				DEBUG_INFORMATION_FORMAT = "dwarf-with-dsym";
				ENABLE_NS_ASSERTIONS = NO;
				ENABLE_STRICT_OBJC_MSGSEND = YES;
				GCC_C_LANGUAGE_STANDARD = gnu99;
				GCC_NO_COMMON_BLOCKS = YES;
				GCC_WARN_64_TO_32_BIT_CONVERSION = YES;
				GCC_WARN_ABOUT_RETURN_TYPE = YES_ERROR;
				GCC_WARN_UNDECLARED_SELECTOR = YES;
				GCC_WARN_UNINITIALIZED_AUTOS = YES_AGGRESSIVE;
				GCC_WARN_UNUSED_FUNCTION = YES;
				GCC_WARN_UNUSED_VARIABLE = YES;
				IPHONEOS_DEPLOYMENT_TARGET = 10.1;
				MTL_ENABLE_DEBUG_INFO = NO;
				SDKROOT = iphoneos;
				SWIFT_OPTIMIZATION_LEVEL = "-Owholemodule";
				VALIDATE_PRODUCT = YES;
			};
			name = Release;
		};
		C70D85331DBF399E009D01D0 /* Debug */ = {
			isa = XCBuildConfiguration;
			baseConfigurationReference = B087573E13D76A68DC3F7896 /* Pods-SwiftWeiBo.debug.xcconfig */;
			buildSettings = {
				ASSETCATALOG_COMPILER_APPICON_NAME = AppIcon;
				ASSETCATALOG_COMPILER_LAUNCHIMAGE_NAME = "Brand Assets";
				INFOPLIST_FILE = SwiftWeiBo/Info.plist;
				LD_RUNPATH_SEARCH_PATHS = "$(inherited) @executable_path/Frameworks";
				PRODUCT_BUNDLE_IDENTIFIER = com.kjlink.SwiftWeiBo;
				PRODUCT_NAME = "$(TARGET_NAME)";
				SWIFT_VERSION = 3.0;
			};
			name = Debug;
		};
		C70D85341DBF399E009D01D0 /* Release */ = {
			isa = XCBuildConfiguration;
			baseConfigurationReference = 736692846095045523C91EE9 /* Pods-SwiftWeiBo.release.xcconfig */;
			buildSettings = {
				ASSETCATALOG_COMPILER_APPICON_NAME = AppIcon;
				ASSETCATALOG_COMPILER_LAUNCHIMAGE_NAME = "Brand Assets";
				INFOPLIST_FILE = SwiftWeiBo/Info.plist;
				LD_RUNPATH_SEARCH_PATHS = "$(inherited) @executable_path/Frameworks";
				PRODUCT_BUNDLE_IDENTIFIER = com.kjlink.SwiftWeiBo;
				PRODUCT_NAME = "$(TARGET_NAME)";
				SWIFT_VERSION = 3.0;
			};
			name = Release;
		};
		C70D85361DBF399E009D01D0 /* Debug */ = {
			isa = XCBuildConfiguration;
			buildSettings = {
				ALWAYS_EMBED_SWIFT_STANDARD_LIBRARIES = YES;
				BUNDLE_LOADER = "$(TEST_HOST)";
				INFOPLIST_FILE = SwiftWeiBoTests/Info.plist;
				LD_RUNPATH_SEARCH_PATHS = "$(inherited) @executable_path/Frameworks @loader_path/Frameworks";
				PRODUCT_BUNDLE_IDENTIFIER = com.kjlink.SwiftWeiBoTests;
				PRODUCT_NAME = "$(TARGET_NAME)";
				SWIFT_VERSION = 3.0;
				TEST_HOST = "$(BUILT_PRODUCTS_DIR)/SwiftWeiBo.app/SwiftWeiBo";
			};
			name = Debug;
		};
		C70D85371DBF399E009D01D0 /* Release */ = {
			isa = XCBuildConfiguration;
			buildSettings = {
				ALWAYS_EMBED_SWIFT_STANDARD_LIBRARIES = YES;
				BUNDLE_LOADER = "$(TEST_HOST)";
				INFOPLIST_FILE = SwiftWeiBoTests/Info.plist;
				LD_RUNPATH_SEARCH_PATHS = "$(inherited) @executable_path/Frameworks @loader_path/Frameworks";
				PRODUCT_BUNDLE_IDENTIFIER = com.kjlink.SwiftWeiBoTests;
				PRODUCT_NAME = "$(TARGET_NAME)";
				SWIFT_VERSION = 3.0;
				TEST_HOST = "$(BUILT_PRODUCTS_DIR)/SwiftWeiBo.app/SwiftWeiBo";
			};
			name = Release;
		};
		C70D85391DBF399E009D01D0 /* Debug */ = {
			isa = XCBuildConfiguration;
			buildSettings = {
				ALWAYS_EMBED_SWIFT_STANDARD_LIBRARIES = YES;
				INFOPLIST_FILE = SwiftWeiBoUITests/Info.plist;
				LD_RUNPATH_SEARCH_PATHS = "$(inherited) @executable_path/Frameworks @loader_path/Frameworks";
				PRODUCT_BUNDLE_IDENTIFIER = com.kjlink.SwiftWeiBoUITests;
				PRODUCT_NAME = "$(TARGET_NAME)";
				SWIFT_VERSION = 3.0;
				TEST_TARGET_NAME = SwiftWeiBo;
			};
			name = Debug;
		};
		C70D853A1DBF399E009D01D0 /* Release */ = {
			isa = XCBuildConfiguration;
			buildSettings = {
				ALWAYS_EMBED_SWIFT_STANDARD_LIBRARIES = YES;
				INFOPLIST_FILE = SwiftWeiBoUITests/Info.plist;
				LD_RUNPATH_SEARCH_PATHS = "$(inherited) @executable_path/Frameworks @loader_path/Frameworks";
				PRODUCT_BUNDLE_IDENTIFIER = com.kjlink.SwiftWeiBoUITests;
				PRODUCT_NAME = "$(TARGET_NAME)";
				SWIFT_VERSION = 3.0;
				TEST_TARGET_NAME = SwiftWeiBo;
			};
			name = Release;
		};
/* End XCBuildConfiguration section */

/* Begin XCConfigurationList section */
		C70D85051DBF399D009D01D0 /* Build configuration list for PBXProject "SwiftWeiBo" */ = {
			isa = XCConfigurationList;
			buildConfigurations = (
				C70D85301DBF399E009D01D0 /* Debug */,
				C70D85311DBF399E009D01D0 /* Release */,
			);
			defaultConfigurationIsVisible = 0;
			defaultConfigurationName = Release;
		};
		C70D85321DBF399E009D01D0 /* Build configuration list for PBXNativeTarget "SwiftWeiBo" */ = {
			isa = XCConfigurationList;
			buildConfigurations = (
				C70D85331DBF399E009D01D0 /* Debug */,
				C70D85341DBF399E009D01D0 /* Release */,
			);
			defaultConfigurationIsVisible = 0;
			defaultConfigurationName = Release;
		};
		C70D85351DBF399E009D01D0 /* Build configuration list for PBXNativeTarget "SwiftWeiBoTests" */ = {
			isa = XCConfigurationList;
			buildConfigurations = (
				C70D85361DBF399E009D01D0 /* Debug */,
				C70D85371DBF399E009D01D0 /* Release */,
			);
			defaultConfigurationIsVisible = 0;
			defaultConfigurationName = Release;
		};
		C70D85381DBF399E009D01D0 /* Build configuration list for PBXNativeTarget "SwiftWeiBoUITests" */ = {
			isa = XCConfigurationList;
			buildConfigurations = (
				C70D85391DBF399E009D01D0 /* Debug */,
				C70D853A1DBF399E009D01D0 /* Release */,
			);
			defaultConfigurationIsVisible = 0;
			defaultConfigurationName = Release;
		};
/* End XCConfigurationList section */
	};
	rootObject = C70D85021DBF399D009D01D0 /* Project object */;
}
